# THIS IS AN AUTOGENERATED FILE. DO NOT EDIT THIS FILE DIRECTLY.
# yarn lockfile v1


"@discordjs/collection@^0.6.0":
  version "0.6.0"
  resolved "https://registry.yarnpkg.com/@discordjs/collection/-/collection-0.6.0.tgz#ee9c7b349a61d081fcdbda36df4187e575510952"
  integrity sha512-Ieaetb36l0nmAS5X9Upqk4W7euAO6FdXPxn3I8vBAKEcoIzEZI1mcVcPfCfagGJZSgBKpENnAnKkP4GAn+MV8w==

"@sapphire/discord-utilities@^2.10.3":
  version "2.11.0"
  resolved "https://registry.yarnpkg.com/@sapphire/discord-utilities/-/discord-utilities-2.11.0.tgz#a516d1ae1efa0ad73ab413f17c2df23877d6bc69"
  integrity sha512-U6tlnyrmOqh6cBKCo9N1aZnQ1nQLNwiUiHTHLMROg7fkqFxf1d0EkMZQRpPu4paW0awRxaaxEl/Sfqggy9Gsyw==
  dependencies:
    twemoji-parser "^14.0.0"

"@sapphire/discord.js-utilities@^4.11.0":
  version "4.11.0"
  resolved "https://registry.yarnpkg.com/@sapphire/discord.js-utilities/-/discord.js-utilities-4.11.0.tgz#6957b72a972291be44700b8fac78827c61f2a161"
  integrity sha512-fJtSxOIePHA7smNe+9nO9qDZViubnT0lvnLlzBdm9G15He+jxPEgRV6BZBjwVeqFDzI9NY6wzmHa52EGhyfjbQ==
  dependencies:
    "@sapphire/discord-utilities" "^2.10.3"
    "@sapphire/time-utilities" "^1.7.4"
    "@sapphire/utilities" "^3.6.2"
    tslib "^2.4.0"

"@sapphire/framework@^2.5.0":
  version "2.5.0"
  resolved "https://registry.yarnpkg.com/@sapphire/framework/-/framework-2.5.0.tgz#83fddd6e6ee409d864ebb88f4c337dc655ec51c6"
  integrity sha512-Z/xtcm5uepVw5+6jr1xOiBeQ8MkWNEaZSwGHHOuLt1TVs5i7FHSb5EEje6gUkN4pxWr5hYnTtRb4uDdF064eqw==
  dependencies:
    "@sapphire/discord-utilities" "^2.10.3"
    "@sapphire/discord.js-utilities" "^4.11.0"
    "@sapphire/pieces" "^3.3.3"
    "@sapphire/ratelimits" "^2.4.4"
    "@sapphire/utilities" "^3.6.2"
    lexure "^0.17.0"
    tslib "^2.4.0"

"@sapphire/pieces@^3.3.3":
  version "3.3.3"
  resolved "https://registry.yarnpkg.com/@sapphire/pieces/-/pieces-3.3.3.tgz#e4aebeaf62c3c0629fe36e068d74e12d4c9ced62"
  integrity sha512-/+hTFAhunP/nduTqiEHoq0wct9lR1LTqiy1AfMkYfXd2BmieM3R99F7kBPrtsGjbIr6Qedl5Bruc2WCiQr9kzg==
  dependencies:
    "@discordjs/collection" "^0.6.0"
    "@sapphire/utilities" "^3.6.2"
    tslib "^2.4.0"

"@sapphire/ratelimits@^2.4.4":
  version "2.4.4"
  resolved "https://registry.yarnpkg.com/@sapphire/ratelimits/-/ratelimits-2.4.4.tgz#5472f0c629779b6831d8fdde86e2c8b4666e92f6"
  integrity sha512-9gZ1BaY99HLWOcfuhlu0WklirHhVc6QD1pm5/v2W0O9pBpMHrd1GImVMXjYZRoy1qpmE2ZggSmN1665lktTCMw==
  dependencies:
    "@sapphire/time-utilities" "^1.7.4"

"@sapphire/time-utilities@^1.7.4":
  version "1.7.4"
  resolved "https://registry.yarnpkg.com/@sapphire/time-utilities/-/time-utilities-1.7.4.tgz#5f47de3741b77ae9752e8e45958461d92bc4420a"
  integrity sha512-/MKy56iGYuOfZfXGxZ2RG0otk9j3P0VRC6ACSnizalEXbe0YFXX7JcxPPBF1yp2j1p5Y7eUW+FTExfvEgnWnzg==
  dependencies:
    "@sapphire/utilities" "^3.6.2"

"@sapphire/utilities@^3.6.2":
  version "3.6.2"
  resolved "https://registry.yarnpkg.com/@sapphire/utilities/-/utilities-3.6.2.tgz#ec238e3e789dd5b04009a5cefecd3a64a4bb985d"
  integrity sha512-Rmwq5QxWxuAYCrtIXo2a9UW1Fa5Pmmfc20QSRRp+rz/CXzel1R3171DjvT7iZTAfuxwUFp2FYG6IaywoSIyjFA==

lexure@^0.17.0:
  version "0.17.0"
  resolved "https://registry.yarnpkg.com/lexure/-/lexure-0.17.0.tgz#95c26ee49dc3df5f28e2826b1647eb7569aab12a"
  integrity sha512-0L8GqFgPW36sLNqxdp2VOOef5Ajpb98kc0Zk4AzE+Yf0xYTDndcT1vpFqwkTdrCCw+FV8DH4mC9NUw0RlARThA==

tslib@^2.4.0:
  version "2.4.0"
  resolved "https://registry.yarnpkg.com/tslib/-/tslib-2.4.0.tgz#7cecaa7f073ce680a05847aa77be941098f36dc3"
  integrity sha512-d6xOpEDfsi2CZVlPQzGeux8XMwLT9hssAsaPYExaQMuYskwb+x1x7J371tWlbBdWHroy99KnVB6qIkUbs5X3UQ==

twemoji-parser@^14.0.0:
  version "14.0.0"
  resolved "https://registry.yarnpkg.com/twemoji-parser/-/twemoji-parser-14.0.0.tgz#13dabcb6d3a261d9efbf58a1666b182033bf2b62"
  integrity sha512-9DUOTGLOWs0pFWnh1p6NF+C3CkQ96PWmEFwhOVmT3WbecRC+68AIqpsnJXygfkFcp4aXbOp8Dwbhh/HQgvoRxA==
