# THIS IS AN AUTOGENERATED FILE. DO NOT EDIT THIS FILE DIRECTLY.
# yarn lockfile v1


"@discordjs/builders@^0.13.0":
  version "0.13.0"
  resolved "https://registry.npmjs.org/@discordjs/builders/-/builders-0.13.0.tgz"
  integrity sha512-4L9y26KRNNU8Y7J78SRUN1Uhava9D8jfit/YqEaKi8gQRc7PdqKqk2poybo6RXaiyt/BgKYPfcjxT7WvzGfYCA==
  dependencies:
    "@sapphire/shapeshift" "^2.0.0"
    "@sindresorhus/is" "^4.6.0"
    discord-api-types "^0.31.1"
    fast-deep-equal "^3.1.3"
    ts-mixer "^6.0.1"
    tslib "^2.3.1"

"@discordjs/builders@^0.16.0":
  version "0.16.0"
  resolved "https://registry.yarnpkg.com/@discordjs/builders/-/builders-0.16.0.tgz#3201f57fa57c4dd77aebb480cf47da77b7ba2e8c"
  integrity sha512-9/NCiZrLivgRub2/kBc0Vm5pMBE5AUdYbdXsLu/yg9ANgvnaJ0bZKTY8yYnLbsEc/LYUP79lEIdC73qEYhWq7A==
  dependencies:
    "@sapphire/shapeshift" "^3.5.1"
    discord-api-types "^0.36.2"
    fast-deep-equal "^3.1.3"
    ts-mixer "^6.0.1"
    tslib "^2.4.0"

"@discordjs/collection@^0.6.0":
  version "0.6.0"
  resolved "https://registry.npmjs.org/@discordjs/collection/-/collection-0.6.0.tgz"
  integrity sha512-Ieaetb36l0nmAS5X9Upqk4W7euAO6FdXPxn3I8vBAKEcoIzEZI1mcVcPfCfagGJZSgBKpENnAnKkP4GAn+MV8w==

"@discordjs/collection@^0.7.0":
  version "0.7.0"
  resolved "https://registry.yarnpkg.com/@discordjs/collection/-/collection-0.7.0.tgz#1a6c00198b744ba2b73a64442145da637ac073b8"
  integrity sha512-R5i8Wb8kIcBAFEPLLf7LVBQKBDYUL+ekb23sOgpkpyGT+V4P7V83wTxcsqmX+PbqHt4cEHn053uMWfRqh/Z/nA==

"@discordjs/collection@^1.0.1":
  version "1.1.0"
  resolved "https://registry.yarnpkg.com/@discordjs/collection/-/collection-1.1.0.tgz#5f9f926404fd48ccde86a0d2268f202cbec77833"
  integrity sha512-PQ2Bv6pnT7aGPCKWbvvNRww5tYCGpggIQVgpuF9TdDPeR6n6vQYxezXiLVOS9z2B62Dp4c+qepQ15SgJbLYtCQ==

"@sapphire/async-queue@^1.3.1":
  version "1.3.1"
  resolved "https://registry.npmjs.org/@sapphire/async-queue/-/async-queue-1.3.1.tgz"
  integrity sha512-FFTlPOWZX1kDj9xCAsRzH5xEJfawg1lNoYAA+ecOWJMHOfiZYb1uXOI3ne9U4UILSEPwfE68p3T9wUHwIQfR0g==

"@sapphire/async-queue@^1.5.0":
  version "1.5.0"
  resolved "https://registry.yarnpkg.com/@sapphire/async-queue/-/async-queue-1.5.0.tgz#2f255a3f186635c4fb5a2381e375d3dfbc5312d8"
  integrity sha512-JkLdIsP8fPAdh9ZZjrbHWR/+mZj0wvKS5ICibcLrRI1j84UmLMshx5n9QmL8b95d4onJ2xxiyugTgSAX7AalmA==

"@sapphire/discord-utilities@^2.10.3", "@sapphire/discord-utilities@^2.11.0":
  version "2.11.0"
  resolved "https://registry.npmjs.org/@sapphire/discord-utilities/-/discord-utilities-2.11.0.tgz"
  integrity sha512-U6tlnyrmOqh6cBKCo9N1aZnQ1nQLNwiUiHTHLMROg7fkqFxf1d0EkMZQRpPu4paW0awRxaaxEl/Sfqggy9Gsyw==
  dependencies:
    twemoji-parser "^14.0.0"

"@sapphire/discord-utilities@^2.11.6":
  version "2.11.6"
  resolved "https://registry.yarnpkg.com/@sapphire/discord-utilities/-/discord-utilities-2.11.6.tgz#d9588b79c1e6bbf5ac8c90ec3fe0898cd442203e"
  integrity sha512-oFZYl7Prtqy8nD3ymmMpSMRy9Sdhp8E5PSI8n3OoBkHr4eSBvoOcBTxKapvRkHWes+amWeH/uB4UH31x7mG0KQ==

"@sapphire/discord.js-utilities@^4.11.0":
  version "4.11.0"
  resolved "https://registry.npmjs.org/@sapphire/discord.js-utilities/-/discord.js-utilities-4.11.0.tgz"
  integrity sha512-fJtSxOIePHA7smNe+9nO9qDZViubnT0lvnLlzBdm9G15He+jxPEgRV6BZBjwVeqFDzI9NY6wzmHa52EGhyfjbQ==
  dependencies:
    "@sapphire/discord-utilities" "^2.10.3"
    "@sapphire/time-utilities" "^1.7.4"
    "@sapphire/utilities" "^3.6.2"
    tslib "^2.4.0"

"@sapphire/discord.js-utilities@^5.0.0":
  version "5.0.0"
  resolved "https://registry.yarnpkg.com/@sapphire/discord.js-utilities/-/discord.js-utilities-5.0.0.tgz#85bd2f85205eddb8f6570cc5be1b06d2221cb969"
  integrity sha512-XvXkL0/e4AwKIipSxPeNNa8UPmSCoc+vwkNrnvV43a0JUJ1acxPPWrcpxAzE9lRxPY/vDLYaaEw7M/hkg3i5xQ==
  dependencies:
    "@sapphire/discord-utilities" "^2.11.6"
    "@sapphire/time-utilities" "^1.7.6"
    "@sapphire/utilities" "^3.9.2"
    tslib "^2.4.0"

"@sapphire/framework@^3.0.0":
  version "3.0.0"
  resolved "https://registry.yarnpkg.com/@sapphire/framework/-/framework-3.0.0.tgz#da5c4fc8673f22bec73445e5a5d43785adb42f06"
  integrity sha512-VflLMOHKtecTxAi2N1m1DzCN/qKB7vrRolx9UFXmcQg9fGmYzj9yaKM3Fyw+ZvhpS/gijGWN1lWSr8fyTscdEA==
  dependencies:
    "@discordjs/builders" "^0.16.0"
    "@sapphire/discord-utilities" "^2.11.6"
    "@sapphire/discord.js-utilities" "^5.0.0"
    "@sapphire/lexure" "^1.0.1"
    "@sapphire/pieces" "^3.5.1"
    "@sapphire/ratelimits" "^2.4.4"
    "@sapphire/result" "^2.4.0"
    "@sapphire/stopwatch" "^1.4.1"
    "@sapphire/utilities" "^3.9.2"
    "@types/object-hash" "^2.2.1"
    object-hash "^3.0.0"
    tslib "^2.4.0"

"@sapphire/framework@^3.0.0-next.b7485a2.0":
  version "3.0.0-next.b7485a2.0"
  resolved "https://registry.npmjs.org/@sapphire/framework/-/framework-3.0.0-next.b7485a2.0.tgz"
  integrity sha512-NlIWcXo3m2ebG2JQ8Lav/fb8Y7/JlD+/fdZKjVD3zktLPEgWQLMatLsi3gftEpVGTFJveZmv9NLKfJdjTNxJUw==
  dependencies:
    "@sapphire/discord-utilities" "^2.11.0"
    "@sapphire/discord.js-utilities" "^4.11.0"
    "@sapphire/pieces" "^3.3.3"
    "@sapphire/ratelimits" "^2.4.4"
    "@sapphire/result" "^1.1.1"
    "@sapphire/stopwatch" "^1.4.1"
    "@sapphire/utilities" "^3.6.2"
    lexure "^0.17.0"
    tslib "^2.4.0"

"@sapphire/lexure@^1.0.1":
  version "1.0.1"
  resolved "https://registry.yarnpkg.com/@sapphire/lexure/-/lexure-1.0.1.tgz#a2cf516f2c8e08d4d6e4e020391cf8de741c4296"
  integrity sha512-bxI85SqPERicAC8fyZNRjrK2SroXFtpa/vgUNExH8VSM1LIysZE6zDRGCvllAfOdEVGSGBKjNRLfT9kYwNDhXg==
  dependencies:
    "@sapphire/result" "^2.1.1"

"@sapphire/pieces@^3.3.3":
  version "3.3.3"
  resolved "https://registry.npmjs.org/@sapphire/pieces/-/pieces-3.3.3.tgz"
  integrity sha512-/+hTFAhunP/nduTqiEHoq0wct9lR1LTqiy1AfMkYfXd2BmieM3R99F7kBPrtsGjbIr6Qedl5Bruc2WCiQr9kzg==
  dependencies:
    "@discordjs/collection" "^0.6.0"
    "@sapphire/utilities" "^3.6.2"
    tslib "^2.4.0"

"@sapphire/pieces@^3.5.1":
  version "3.5.1"
  resolved "https://registry.yarnpkg.com/@sapphire/pieces/-/pieces-3.5.1.tgz#e4018eb5565f55af0e8b318b3795656af29d1073"
  integrity sha512-GEm7W6hAMC1yN76z0SZlIij66MDcuvWf7ra2TPGhflmv5ZUG4vNHNMktexP4AwEgKeF1jKJouVrIs3lAC3e4ZQ==
  dependencies:
    "@discordjs/collection" "^1.0.1"
    "@sapphire/utilities" "^3.9.2"
    tslib "^2.4.0"

"@sapphire/ratelimits@^2.4.4":
  version "2.4.4"
  resolved "https://registry.npmjs.org/@sapphire/ratelimits/-/ratelimits-2.4.4.tgz"
  integrity sha512-9gZ1BaY99HLWOcfuhlu0WklirHhVc6QD1pm5/v2W0O9pBpMHrd1GImVMXjYZRoy1qpmE2ZggSmN1665lktTCMw==
  dependencies:
    "@sapphire/time-utilities" "^1.7.4"

"@sapphire/result@^1.1.1":
  version "1.1.1"
  resolved "https://registry.npmjs.org/@sapphire/result/-/result-1.1.1.tgz"
  integrity sha512-mKWq+HCu9t+gqVcXMhfH72Trj6cO0LZilpdVYndqRb3+30mrRqs+NtdSf1wAERYEtBmOf3ZWvROe4RPSx7aKvw==

"@sapphire/result@^2.1.1", "@sapphire/result@^2.4.0":
  version "2.4.0"
  resolved "https://registry.yarnpkg.com/@sapphire/result/-/result-2.4.0.tgz#48444d8faad71ab4324f6c48ecfa246292af933b"
  integrity sha512-BJkBsXYjTr6nQmKQnUriA1IyQrVDd7rKHTnbk2n03d/sri9ZFYYCRZ8wfFv+Z8QUasFWliypg3Qstz29G1nnjQ==

"@sapphire/shapeshift@^2.0.0":
  version "2.2.0"
  resolved "https://registry.npmjs.org/@sapphire/shapeshift/-/shapeshift-2.2.0.tgz"
  integrity sha512-UEnKgMlQyI0yY/q+lCMX0VJft9y86IsesgbIQj6e62FBYSaMVr+IaMNpi4z45Q14VnuMACbK0yrbHISNqgUYcQ==

"@sapphire/shapeshift@^3.5.1":
  version "3.5.1"
  resolved "https://registry.yarnpkg.com/@sapphire/shapeshift/-/shapeshift-3.5.1.tgz#3bfd0e6bcfdced4ac26a6f450b5f7b8e49f4f2cc"
  integrity sha512-7JFsW5IglyOIUQI1eE0g6h06D/Far6HqpcowRScgCiLSqTf3hhkPWCWotVTtVycnDCMYIwPeaw6IEPBomKC8pA==
  dependencies:
    fast-deep-equal "^3.1.3"
    lodash.uniqwith "^4.5.0"

"@sapphire/stopwatch@^1.4.1":
  version "1.4.1"
  resolved "https://registry.npmjs.org/@sapphire/stopwatch/-/stopwatch-1.4.1.tgz"
  integrity sha512-FoZIM7oQ1kwkjWpl/rKReuDFSlkCDjDp//1Np2mmQD+xQ2Zyo/J2MaYAITprwQr3AUBu/OOUJvqm7f8lA9R7gA==
  dependencies:
    tslib "^2.3.1"

"@sapphire/time-utilities@^1.7.4":
  version "1.7.4"
  resolved "https://registry.npmjs.org/@sapphire/time-utilities/-/time-utilities-1.7.4.tgz"
  integrity sha512-/MKy56iGYuOfZfXGxZ2RG0otk9j3P0VRC6ACSnizalEXbe0YFXX7JcxPPBF1yp2j1p5Y7eUW+FTExfvEgnWnzg==
  dependencies:
    "@sapphire/utilities" "^3.6.2"

"@sapphire/time-utilities@^1.7.6":
  version "1.7.6"
  resolved "https://registry.yarnpkg.com/@sapphire/time-utilities/-/time-utilities-1.7.6.tgz#846f1116fb36cc12a07b07d13daf0a7e4405ab10"
  integrity sha512-VsMVYFmS9Iu0buPs7gwn1D6vqIC04ezVMBRIo8vRTB2s7UNN/vQReX2cLABFoDVqs7RHQsvr2DPoTWHEDYw9YA==
  dependencies:
    "@sapphire/utilities" "^3.9.2"

"@sapphire/utilities@^3.6.2":
  version "3.6.2"
  resolved "https://registry.npmjs.org/@sapphire/utilities/-/utilities-3.6.2.tgz"
  integrity sha512-Rmwq5QxWxuAYCrtIXo2a9UW1Fa5Pmmfc20QSRRp+rz/CXzel1R3171DjvT7iZTAfuxwUFp2FYG6IaywoSIyjFA==

"@sapphire/utilities@^3.9.2":
  version "3.9.2"
  resolved "https://registry.yarnpkg.com/@sapphire/utilities/-/utilities-3.9.2.tgz#fba479e5d7ee7e3a604caa6c98d48bce0706d45d"
  integrity sha512-CG8mFPse+VDUVenj3PqZyh9PATFd/pzrQaX2gZqv0f7AzGnlyfm/ygh0tnQRVKpMDFr39uCQqVse8i0f51DAkg==

"@sindresorhus/is@^4.6.0":
  version "4.6.0"
  resolved "https://registry.npmjs.org/@sindresorhus/is/-/is-4.6.0.tgz"
  integrity sha512-t09vSN3MdfsyCHoFcTRCH/iUtG7OJ0CsjzB8cjAmKc/va/kIgeDI/TxsigdncE/4be734m0cvIYwNaV4i2XqAw==

"@types/node-fetch@^2.6.1":
  version "2.6.1"
  resolved "https://registry.npmjs.org/@types/node-fetch/-/node-fetch-2.6.1.tgz"
  integrity sha512-oMqjURCaxoSIsHSr1E47QHzbmzNR5rK8McHuNb11BOM9cHcIK3Avy0s/b2JlXHoQGTYS3NsvWzV1M0iK7l0wbA==
  dependencies:
    "@types/node" "*"
    form-data "^3.0.0"

"@types/node-fetch@^2.6.2":
  version "2.6.2"
  resolved "https://registry.yarnpkg.com/@types/node-fetch/-/node-fetch-2.6.2.tgz#d1a9c5fd049d9415dce61571557104dec3ec81da"
  integrity sha512-DHqhlq5jeESLy19TYhLakJ07kNumXWjcDdxXsLUMJZ6ue8VZJj4kLPQVE/2mdHh3xZziNF1xppu5lwmS53HR+A==
  dependencies:
    "@types/node" "*"
    form-data "^3.0.0"

"@types/node@*", "@types/node@17.0.36":
  version "17.0.36"
  resolved "https://registry.npmjs.org/@types/node/-/node-17.0.36.tgz"
  integrity sha512-V3orv+ggDsWVHP99K3JlwtH20R7J4IhI1Kksgc+64q5VxgfRkQG8Ws3MFm/FZOKDYGy9feGFlZ70/HpCNe9QaA==

"@types/object-hash@^2.2.1":
  version "2.2.1"
  resolved "https://registry.yarnpkg.com/@types/object-hash/-/object-hash-2.2.1.tgz#67c169f8f033e0b62abbf81df2d00f4598d540b9"
  integrity sha512-i/rtaJFCsPljrZvP/akBqEwUP2y5cZLOmvO+JaYnz01aPknrQ+hB5MRcO7iqCUsFaYfTG8kGfKUyboA07xeDHQ==

"@types/ws@^8.5.3":
  version "8.5.3"
  resolved "https://registry.npmjs.org/@types/ws/-/ws-8.5.3.tgz"
  integrity sha512-6YOoWjruKj1uLf3INHH7D3qTXwFfEsg1kf3c0uDdSBJwfa/llkwIjrAGV7j7mVgGNbzTQ3HiHKKDXl6bJPD97w==
  dependencies:
    "@types/node" "*"

asynckit@^0.4.0:
  version "0.4.0"
  resolved "https://registry.npmjs.org/asynckit/-/asynckit-0.4.0.tgz"
  integrity sha512-Oei9OH4tRh0YqU3GxhX79dM/mwVgvbZJaSNaRk+bshkj0S5cfHcgYakreBjrHwatXKbz+IoIdYLxrKim2MjW0Q==

combined-stream@^1.0.8:
  version "1.0.8"
  resolved "https://registry.npmjs.org/combined-stream/-/combined-stream-1.0.8.tgz"
  integrity sha512-FQN4MRfuJeHf7cBbBMJFXhKSDq+2kAArBlmRBvcvFE5BB1HZKXtSFASDhdlz9zOYwxh8lDdnvmMOe/+5cdoEdg==
  dependencies:
    delayed-stream "~1.0.0"

delayed-stream@~1.0.0:
  version "1.0.0"
  resolved "https://registry.npmjs.org/delayed-stream/-/delayed-stream-1.0.0.tgz"
  integrity sha512-ZySD7Nf91aLB0RxL4KGrKHBXl7Eds1DAmEdcoVawXnLD7SDhpNgtuII2aAkg7a7QS41jxPSZ17p4VdGnMHk3MQ==

discord-api-types@^0.30.0:
  version "0.30.0"
  resolved "https://registry.npmjs.org/discord-api-types/-/discord-api-types-0.30.0.tgz"
  integrity sha512-wYst0jrT8EJs2tVlwUTQ2xT0oWMjUrRMpFTkNY3NMleWyQNHgWaKhqFfxdLPdC2im9IuR5EsxcEgjhf/npeftw==

discord-api-types@^0.31.1:
  version "0.31.2"
  resolved "https://registry.npmjs.org/discord-api-types/-/discord-api-types-0.31.2.tgz"
  integrity sha512-gpzXTvFVg7AjKVVJFH0oJGC0q0tO34iJGSHZNz9u3aqLxlD6LfxEs9wWVVikJqn9gra940oUTaPFizCkRDcEiA==

discord-api-types@^0.33.3:
  version "0.33.5"
  resolved "https://registry.yarnpkg.com/discord-api-types/-/discord-api-types-0.33.5.tgz#6548b70520f7b944c60984dca4ab58654d664a12"
  integrity sha512-dvO5M52v7m7Dy96+XUnzXNsQ/0npsYpU6dL205kAtEDueswoz3aU3bh1UMoK4cQmcGtB1YRyLKqp+DXi05lzFg==

discord-api-types@^0.36.0:
  version "0.36.0"
  resolved "https://registry.npmjs.org/discord-api-types/-/discord-api-types-0.36.0.tgz"
  integrity sha512-bazR7FWko6JY4xwoa4Ds4SCRTKGvbzq2ivAuZxiR79RJipU+IXYNvy4tiUt8ixcs2bI04JOQwgHvz491lruBaw==

discord-api-types@^0.36.2:
  version "0.36.3"
  resolved "https://registry.yarnpkg.com/discord-api-types/-/discord-api-types-0.36.3.tgz#a931b7e57473a5c971d6937fa5f392eb30047579"
  integrity sha512-bz/NDyG0KBo/tY14vSkrwQ/n3HKPf87a0WFW/1M9+tXYK+vp5Z5EksawfCWo2zkAc6o7CClc0eff1Pjrqznlwg==

discord.js@^13.10.3:
  version "13.10.3"
  resolved "https://registry.yarnpkg.com/discord.js/-/discord.js-13.10.3.tgz#c597d1aa5c06057ee55917251389ebc760cb997e"
  integrity sha512-cIARuxfpQDeqA9Zw3fz4IL20xAhtMsjwJIf7/K82R3n2xROG9/fAx+7qjX8ysp9BfflYqMu2ZskyWq1EAmL5BA==
  dependencies:
    "@discordjs/builders" "^0.16.0"
    "@discordjs/collection" "^0.7.0"
    "@sapphire/async-queue" "^1.5.0"
    "@types/node-fetch" "^2.6.2"
    "@types/ws" "^8.5.3"
    discord-api-types "^0.33.3"
    form-data "^4.0.0"
    node-fetch "^2.6.7"
    ws "^8.8.1"

discord.js@^13.7.0:
  version "13.7.0"
  resolved "https://registry.npmjs.org/discord.js/-/discord.js-13.7.0.tgz"
  integrity sha512-iV/An3FEB/CiBGdjWHRtgskM4UuWPq5vjhjKsrQhdVU16dbKrBxA+eIV2HWA07B3tXUGM6eco1wkr42gxxV1BA==
  dependencies:
    "@discordjs/builders" "^0.13.0"
    "@discordjs/collection" "^0.6.0"
    "@sapphire/async-queue" "^1.3.1"
    "@types/node-fetch" "^2.6.1"
    "@types/ws" "^8.5.3"
    discord-api-types "^0.30.0"
    form-data "^4.0.0"
    node-fetch "^2.6.1"
    ws "^8.6.0"

fast-deep-equal@^3.1.3:
  version "3.1.3"
  resolved "https://registry.npmjs.org/fast-deep-equal/-/fast-deep-equal-3.1.3.tgz"
  integrity sha512-f3qQ9oQy9j2AhBe/H9VC91wLmKBCCU/gDOnKNAYG5hswO7BLKj09Hc5HYNz9cGI++xlpDCIgDaitVs03ATR84Q==

form-data@^3.0.0:
  version "3.0.1"
  resolved "https://registry.npmjs.org/form-data/-/form-data-3.0.1.tgz"
  integrity sha512-RHkBKtLWUVwd7SqRIvCZMEvAMoGUp0XU+seQiZejj0COz3RI3hWP4sCv3gZWWLjJTd7rGwcsF5eKZGii0r/hbg==
  dependencies:
    asynckit "^0.4.0"
    combined-stream "^1.0.8"
    mime-types "^2.1.12"

form-data@^4.0.0:
  version "4.0.0"
  resolved "https://registry.npmjs.org/form-data/-/form-data-4.0.0.tgz"
  integrity sha512-ETEklSGi5t0QMZuiXoA/Q6vcnxcLQP5vdugSpuAyi6SVGi2clPPp+xgEhuMaHC+zGgn31Kd235W35f7Hykkaww==
  dependencies:
    asynckit "^0.4.0"
    combined-stream "^1.0.8"
    mime-types "^2.1.12"

lexure@^0.17.0:
  version "0.17.0"
  resolved "https://registry.npmjs.org/lexure/-/lexure-0.17.0.tgz"
  integrity sha512-0L8GqFgPW36sLNqxdp2VOOef5Ajpb98kc0Zk4AzE+Yf0xYTDndcT1vpFqwkTdrCCw+FV8DH4mC9NUw0RlARThA==

lodash.uniqwith@^4.5.0:
  version "4.5.0"
  resolved "https://registry.yarnpkg.com/lodash.uniqwith/-/lodash.uniqwith-4.5.0.tgz#7a0cbf65f43b5928625a9d4d0dc54b18cadc7ef3"
  integrity sha512-7lYL8bLopMoy4CTICbxygAUq6CdRJ36vFc80DucPueUee+d5NBRxz3FdT9Pes/HEx5mPoT9jwnsEJWz1N7uq7Q==

mime-db@1.52.0:
  version "1.52.0"
  resolved "https://registry.npmjs.org/mime-db/-/mime-db-1.52.0.tgz"
  integrity sha512-sPU4uV7dYlvtWJxwwxHD0PuihVNiE7TyAbQ5SWxDCB9mUYvOgroQOwYQQOKPJ8CIbE+1ETVlOoK1UC2nU3gYvg==

mime-types@^2.1.12:
  version "2.1.35"
  resolved "https://registry.npmjs.org/mime-types/-/mime-types-2.1.35.tgz"
  integrity sha512-ZDY+bPm5zTTF+YpCrAU9nK0UgICYPT0QtT1NZWFv4s++TNkcgVaT0g6+4R2uI4MjQjzysHB1zxuWL50hzaeXiw==
  dependencies:
    mime-db "1.52.0"

node-fetch@^2.6.1, node-fetch@^2.6.7, node-fetch@v2:
  version "2.6.7"
  resolved "https://registry.npmjs.org/node-fetch/-/node-fetch-2.6.7.tgz"
  integrity sha512-ZjMPFEfVx5j+y2yF35Kzx5sF7kDzxuDj6ziH4FFbOp87zKDZNx8yExJIb05OGF4Nlt9IHFIMBkRl41VdvcNdbQ==
  dependencies:
    whatwg-url "^5.0.0"

object-hash@^3.0.0:
  version "3.0.0"
  resolved "https://registry.yarnpkg.com/object-hash/-/object-hash-3.0.0.tgz#73f97f753e7baffc0e2cc9d6e079079744ac82e9"
  integrity sha512-RSn9F68PjH9HqtltsSnqYC1XXoWe9Bju5+213R98cNGttag9q9yAOTzdbsqvIa7aNm5WffBZFpWYr2aWrklWAw==

tr46@~0.0.3:
  version "0.0.3"
  resolved "https://registry.npmjs.org/tr46/-/tr46-0.0.3.tgz"
  integrity "sha1-gYT9NH2snNwYWZLzpmIuFLnZq2o= sha512-N3WMsuqV66lT30CrXNbEjx4GEwlow3v6rr4mCcv6prnfwhS01rkgyFdjPNBYd9br7LpXV1+Emh01fHnq2Gdgrw=="

ts-mixer@^6.0.1:
  version "6.0.1"
  resolved "https://registry.npmjs.org/ts-mixer/-/ts-mixer-6.0.1.tgz"
  integrity sha512-hvE+ZYXuINrx6Ei6D6hz+PTim0Uf++dYbK9FFifLNwQj+RwKquhQpn868yZsCtJYiclZF1u8l6WZxxKi+vv7Rg==

tslib@^2.3.1, tslib@^2.4.0:
  version "2.4.0"
  resolved "https://registry.npmjs.org/tslib/-/tslib-2.4.0.tgz"
  integrity sha512-d6xOpEDfsi2CZVlPQzGeux8XMwLT9hssAsaPYExaQMuYskwb+x1x7J371tWlbBdWHroy99KnVB6qIkUbs5X3UQ==

twemoji-parser@^14.0.0:
  version "14.0.0"
  resolved "https://registry.npmjs.org/twemoji-parser/-/twemoji-parser-14.0.0.tgz"
  integrity sha512-9DUOTGLOWs0pFWnh1p6NF+C3CkQ96PWmEFwhOVmT3WbecRC+68AIqpsnJXygfkFcp4aXbOp8Dwbhh/HQgvoRxA==

typescript@^4.7.4:
  version "4.9.5"
  resolved "https://registry.yarnpkg.com/typescript/-/typescript-4.9.5.tgz#095979f9bcc0d09da324d58d03ce8f8374cbe65a"
  integrity sha512-1FXk9E2Hm+QzZQ7z+McJiHL4NW1F2EzMu9Nq9i3zAaGqibafqYwCVU6WyWAuyQRRzOlxou8xZSyXLEN8oKj24g==

webidl-conversions@^3.0.0:
  version "3.0.1"
  resolved "https://registry.npmjs.org/webidl-conversions/-/webidl-conversions-3.0.1.tgz"
  integrity "sha1-JFNCdeKnvGvnvIZhHMFq4KVlSHE= sha512-2JAn3z8AR6rjK8Sm8orRC0h/bcl/DqL7tRPdGZ4I1CjdF+EaMLmYxBHyXuKL849eucPFhvBoxMsflfOb8kxaeQ=="

whatwg-url@^5.0.0:
  version "5.0.0"
  resolved "https://registry.npmjs.org/whatwg-url/-/whatwg-url-5.0.0.tgz"
  integrity "sha1-lmRU6HZUYuN2RNNib2dCzotwll0= sha512-saE57nupxk6v3HY35+jzBwYa0rKSy0XR8JSxZPwgLr7ys0IBzhGviA1/TUGJLmSVqs8pb9AnvICXEuOHLprYTw=="
  dependencies:
    tr46 "~0.0.3"
    webidl-conversions "^3.0.0"

ws@^8.6.0:
  version "8.7.0"
  resolved "https://registry.npmjs.org/ws/-/ws-8.7.0.tgz"
  integrity sha512-c2gsP0PRwcLFzUiA8Mkr37/MI7ilIlHQxaEAtd0uNMbVMoy8puJyafRlm0bV9MbGSabUPeLrRRaqIBcFcA2Pqg==

ws@^8.8.1:
  version "8.8.1"
  resolved "https://registry.yarnpkg.com/ws/-/ws-8.8.1.tgz#5dbad0feb7ade8ecc99b830c1d77c913d4955ff0"
  integrity sha512-bGy2JzvzkPowEJV++hF07hAD6niYSr0JzBNo/J29WsB57A2r7Wlc1UFcTR9IzrPvuNVO4B8LGqF8qcpsVOhJCA==
